
Microsoft Visual Studio Solution File, Format Version 12.00
# Visual Studio Version 17
VisualStudioVersion = 17.9.34728.123
MinimumVisualStudioVersion = 10.0.40219.1
Project("{FAE04EC0-301F-11D3-BF4B-00C04F79EFBC}") = "AssignmentV2", "AssignmentV2\AssignmentV2.csproj", "{DE97D738-1147-4612-B9AF-204705266F55}"
EndProject
Global
	GlobalSection(SolutionConfigurationPlatforms) = preSolution
		Debug|Any CPU = Debug|Any CPU
		Release|Any CPU = Release|Any CPU
	EndGlobalSection
	GlobalSection(ProjectConfigurationPlatforms) = postSolution
		{DE97D738-1147-4612-B9AF-204705266F55}.Debug|Any CPU.ActiveCfg = Debug|Any CPU
		{DE97D738-1147-4612-B9AF-204705266F55}.Debug|Any CPU.Build.0 = Debug|Any CPU
		{DE97D738-1147-4612-B9AF-204705266F55}.Release|Any CPU.ActiveCfg = Release|Any CPU
		{DE97D738-1147-4612-B9AF-204705266F55}.Release|Any CPU.Build.0 = Release|Any CPU
	EndGlobalSection
	GlobalSection(SolutionProperties) = preSolution
		HideSolutionNode = FALSE
	EndGlobalSection
	GlobalSection(ExtensibilityGlobals) = postSolution
		SolutionGuid = {183478E5-A082-4DD0-99CC-87A64BAD5503}
	EndGlobalSection
EndGlobal
